// !$*UTF8*$!
{
	archiveVersion = 1;
	classes = {
	};
	objectVersion = 46;
	objects = {

/* Begin PBXBuildFile section */
		99AF09B51C7C7A330002444B /* SarcophagusTests.swift in Sources */ = {isa = PBXBuildFile; fileRef = 99AF09B41C7C7A330002444B /* SarcophagusTests.swift */; };
/* End PBXBuildFile section */

/* Begin PBXContainerItemProxy section */
		99AF09B11C7C7A330002444B /* PBXContainerItemProxy */ = {
			isa = PBXContainerItemProxy;
			containerPortal = 99AF09921C7C7A320002444B /* Project object */;
			proxyType = 1;
			remoteGlobalIDString = 99AF09991C7C7A320002444B;
			remoteInfo = Sarcophagus;
		};
/* End PBXContainerItemProxy section */

/* Begin PBXFileReference section */
		99AF099A1C7C7A320002444B /* Sarcophagus.app */ = {isa = PBXFileReference; explicitFileType = wrapper.application; includeInIndex = 0; path = Sarcophagus.app; sourceTree = BUILT_PRODUCTS_DIR; };
		99AF09B01C7C7A330002444B /* SarcophagusTests.xctest */ = {isa = PBXFileReference; explicitFileType = wrapper.cfbundle; includeInIndex = 0; path = SarcophagusTests.xctest; sourceTree = BUILT_PRODUCTS_DIR; };
		99AF09B41C7C7A330002444B /* SarcophagusTests.swift */ = {isa = PBXFileReference; lastKnownFileType = sourcecode.swift; path = SarcophagusTests.swift; sourceTree = "<group>"; };
		99AF09B61C7C7A330002444B /* Info.plist */ = {isa = PBXFileReference; lastKnownFileType = text.plist.xml; path = Info.plist; sourceTree = "<group>"; };
/* End PBXFileReference section */

/* Begin PBXFrameworksBuildPhase section */
		99AF09971C7C7A320002444B /* Frameworks */ = {
			isa = PBXFrameworksBuildPhase;
			buildActionMask = 2147483647;
			files = (
			);
			runOnlyForDeploymentPostprocessing = 0;
		};
		99AF09AD1C7C7A330002444B /* Frameworks */ = {
			isa = PBXFrameworksBuildPhase;
			buildActionMask = 2147483647;
			files = (
			);
			runOnlyForDeploymentPostprocessing = 0;
		};
/* End PBXFrameworksBuildPhase section */

/* Begin PBXGroup section */
		99AF09911C7C7A320002444B = {
			isa = PBXGroup;
			children = (
				99AF099C1C7C7A320002444B /* Sarcophagus */,
				99AF09B31C7C7A330002444B /* SarcophagusTests */,
				99AF099B1C7C7A320002444B /* Products */,
			);
			sourceTree = "<group>";
		};
		99AF099B1C7C7A320002444B /* Products */ = {
			isa = PBXGroup;
			children = (
				99AF099A1C7C7A320002444B /* Sarcophagus.app */,
				99AF09B01C7C7A330002444B /* SarcophagusTests.xctest */,
			);
			name = Products;
			sourceTree = "<group>";
		};
		99AF099C1C7C7A320002444B /* Sarcophagus */ = {
			isa = PBXGroup;
			children = (
			);
			path = Sarcophagus;
			sourceTree = "<group>";
		};
		99AF09B31C7C7A330002444B /* SarcophagusTests */ = {
			isa = PBXGroup;
			children = (
				99AF09B41C7C7A330002444B /* SarcophagusTests.swift */,
				99AF09B61C7C7A330002444B /* Info.plist */,
			);
			path = SarcophagusTests;
			sourceTree = "<group>";
		};
/* End PBXGroup section */

/* Begin PBXNativeTarget section */
		99AF09991C7C7A320002444B /* Sarcophagus */ = {
			isa = PBXNativeTarget;
			buildConfigurationList = 99AF09B91C7C7A330002444B /* Build configuration list for PBXNativeTarget "Sarcophagus" */;
			buildPhases = (
				99AF09961C7C7A320002444B /* Sources */,
				99AF09971C7C7A320002444B /* Frameworks */,
				99AF09981C7C7A320002444B /* Resources */,
			);
			buildRules = (
			);
			dependencies = (
			);
			name = Sarcophagus;
			productName = Sarcophagus;
			productReference = 99AF099A1C7C7A320002444B /* Sarcophagus.app */;
			productType = "com.apple.product-type.application";
		};
		99AF09AF1C7C7A330002444B /* SarcophagusTests */ = {
			isa = PBXNativeTarget;
			buildConfigurationList = 99AF09BC1C7C7A330002444B /* Build configuration list for PBXNativeTarget "SarcophagusTests" */;
			buildPhases = (
				99AF09AC1C7C7A330002444B /* Sources */,
				99AF09AD1C7C7A330002444B /* Frameworks */,
				99AF09AE1C7C7A330002444B /* Resources */,
			);
			buildRules = (
			);
			dependencies = (
				99AF09B21C7C7A330002444B /* PBXTargetDependency */,
			);
			name = SarcophagusTests;
			productName = SarcophagusTests;
			productReference = 99AF09B01C7C7A330002444B /* SarcophagusTests.xctest */;
			productType = "com.apple.product-type.bundle.unit-test";
		};
/* End PBXNativeTarget section */

/* Begin PBXProject section */
		99AF09921C7C7A320002444B /* Project object */ = {
			isa = PBXProject;
			attributes = {
				LastSwiftUpdateCheck = 0720;
				LastUpgradeCheck = 0720;
				ORGANIZATIONNAME = "Lorenzo Andraghetti";
				TargetAttributes = {
					99AF09991C7C7A320002444B = {
						CreatedOnToolsVersion = 7.2.1;
						DevelopmentTeam = 8TFU94AQ5S;
					};
					99AF09AF1C7C7A330002444B = {
						CreatedOnToolsVersion = 7.2.1;
						DevelopmentTeam = 8TFU94AQ5S;
						TestTargetID = 99AF09991C7C7A320002444B;
					};
				};
			};
			buildConfigurationList = 99AF09951C7C7A320002444B /* Build configuration list for PBXProject "Sarcophagus" */;
			compatibilityVersion = "Xcode 3.2";
			developmentRegion = English;
			hasScannedForEncodings = 0;
			knownRegions = (
				en,
				Base,
			);
			mainGroup = 99AF09911C7C7A320002444B;
			productRefGroup = 99AF099B1C7C7A320002444B /* Products */;
			projectDirPath = "";
			projectRoot = "";
			targets = (
				99AF09991C7C7A320002444B /* Sarcophagus */,
				99AF09AF1C7C7A330002444B /* SarcophagusTests */,
			);
		};
/* End PBXProject section */

/* Begin PBXResourcesBuildPhase section */
		99AF09981C7C7A320002444B /* Resources */ = {
			isa = PBXResourcesBuildPhase;
			buildActionMask = 2147483647;
			files = (
			);
			runOnlyForDeploymentPostprocessing = 0;
		};
		99AF09AE1C7C7A330002444B /* Resources */ = {
			isa = PBXResourcesBuildPhase;
			buildActionMask = 2147483647;
			files = (
			);
			runOnlyForDeploymentPostprocessing = 0;
		};
/* End PBXResourcesBuildPhase section */

/* Begin PBXSourcesBuildPhase section */
		99AF09961C7C7A320002444B /* Sources */ = {
			isa = PBXSourcesBuildPhase;
			buildActionMask = 2147483647;
			files = (
			);
			runOnlyForDeploymentPostprocessing = 0;
		};
		99AF09AC1C7C7A330002444B /* Sources */ = {
			isa = PBXSourcesBuildPhase;
			buildActionMask = 2147483647;
			files = (
				99AF09B51C7C7A330002444B /* SarcophagusTests.swift in Sources */,
			);
			runOnlyForDeploymentPostprocessing = 0;
		};
/* End PBXSourcesBuildPhase section */

/* Begin PBXTargetDependency section */
		99AF09B21C7C7A330002444B /* PBXTargetDependency */ = {
			isa = PBXTargetDependency;
			target = 99AF09991C7C7A320002444B /* Sarcophagus */;
			targetProxy = 99AF09B11C7C7A330002444B /* PBXContainerItemProxy */;
		};
/* End PBXTargetDependency section */

/* Begin XCBuildConfiguration section */
		99AF09B71C7C7A330002444B /* Debug */ = {
			isa = XCBuildConfiguration;
			buildSettings = {
				ALWAYS_SEARCH_USER_PATHS = NO;
				CLANG_CXX_LANGUAGE_STANDARD = "gnu++0x";
				CLANG_CXX_LIBRARY = "libc++";
				CLANG_ENABLE_MODULES = YES;
				CLANG_ENABLE_OBJC_ARC = YES;
				CLANG_WARN_BOOL_CONVERSION = YES;
				CLANG_WARN_CONSTANT_CONVERSION = YES;
				CLANG_WARN_DIRECT_OBJC_ISA_USAGE = YES_ERROR;
				CLANG_WARN_EMPTY_BODY = YES;
				CLANG_WARN_ENUM_CONVERSION = YES;
				CLANG_WARN_INT_CONVERSION = YES;
				CLANG_WARN_OBJC_ROOT_CLASS = YES_ERROR;
				CLANG_WARN_UNREACHABLE_CODE = YES;
				CLANG_WARN__DUPLICATE_METHOD_MATCH = YES;
				"CODE_SIGN_IDENTITY[sdk=iphoneos*]" = "iPhone Developer";
				COPY_PHASE_STRIP = NO;
				DEBUG_INFORMATION_FORMAT = "dwarf-with-dsym";
				ENABLE_STRICT_OBJC_MSGSEND = YES;
				ENABLE_TESTABILITY = YES;
				GCC_C_LANGUAGE_STANDARD = gnu99;
				GCC_DYNAMIC_NO_PIC = NO;
				GCC_NO_COMMON_BLOCKS = YES;
				GCC_OPTIMIZATION_LEVEL = 0;
				GCC_PREPROCESSOR_DEFINITIONS = (
					"DEBUG=1",
					"$(inherited)",
				);
				GCC_WARN_64_TO_32_BIT_CONVERSION = YES;
				GCC_WARN_ABOUT_RETURN_TYPE = YES_ERROR;
				GCC_WARN_UNDECLARED_SELECTOR = YES;
				GCC_WARN_UNINITIALIZED_AUTOS = YES_AGGRESSIVE;
				GCC_WARN_UNUSED_FUNCTION = YES;
				GCC_WARN_UNUSED_VARIABLE = YES;
				IPHONEOS_DEPLOYMENT_TARGET = 9.2;
				MTL_ENABLE_DEBUG_INFO = YES;
				ONLY_ACTIVE_ARCH = YES;
				SDKROOT = iphoneos;
				SWIFT_OPTIMIZATION_LEVEL = "-Onone";
				TARGETED_DEVICE_FAMILY = "1,2";
			};
			name = Debug;
		};
		99AF09B81C7C7A330002444B /* Release */ = {
			isa = XCBuildConfiguration;
			buildSettings = {
				ALWAYS_SEARCH_USER_PATHS = NO;
				CLANG_CXX_LANGUAGE_STANDARD = "gnu++0x";
				CLANG_CXX_LIBRARY = "libc++";
				CLANG_ENABLE_MODULES = YES;
				CLANG_ENABLE_OBJC_ARC = YES;
				CLANG_WARN_BOOL_CONVERSION = YES;
				CLANG_WARN_CONSTANT_CONVERSION = YES;
				CLANG_WARN_DIRECT_OBJC_ISA_USAGE = YES_ERROR;
				CLANG_WARN_EMPTY_BODY = YES;
				CLANG_WARN_ENUM_CONVERSION = YES;
				CLANG_WARN_INT_CONVERSION = YES;
				CLANG_WARN_OBJC_ROOT_CLASS = YES_ERROR;
				CLANG_WARN_UNREACHABLE_CODE = YES;
				CLANG_WARN__DUPLICATE_METHOD_MATCH = YES;
				"CODE_SIGN_IDENTITY[sdk=iphoneos*]" = "iPhone Developer";
				COPY_PHASE_STRIP = NO;
				DEBUG_INFORMATION_FORMAT = "dwarf-with-dsym";
				ENABLE_NS_ASSERTIONS = NO;
				ENABLE_STRICT_OBJC_MSGSEND = YES;
				GCC_C_LANGUAGE_STANDARD = gnu99;
				GCC_NO_COMMON_BLOCKS = YES;
				GCC_WARN_64_TO_32_BIT_CONVERSION = YES;
				GCC_WARN_ABOUT_RETURN_TYPE = YES_ERROR;
				GCC_WARN_UNDECLARED_SELECTOR = YES;
				GCC_WARN_UNINITIALIZED_AUTOS = YES_AGGRESSIVE;
				GCC_WARN_UNUSED_FUNCTION = YES;
				GCC_WARN_UNUSED_VARIABLE = YES;
				IPHONEOS_DEPLOYMENT_TARGET = 9.2;
				MTL_ENABLE_DEBUG_INFO = NO;
				SDKROOT = iphoneos;
				TARGETED_DEVICE_FAMILY = "1,2";
				VALIDATE_PRODUCT = YES;
			};
			name = Release;
		};
		99AF09BA1C7C7A330002444B /* Debug */ = {
			isa = XCBuildConfiguration;
			buildSettings = {
				ASSETCATALOG_COMPILER_APPICON_NAME = AppIcon;
				INFOPLIST_FILE = Sarcophagus/Info.plist;
				LD_RUNPATH_SEARCH_PATHS = "$(inherited) @executable_path/Frameworks";
				PRODUCT_BUNDLE_IDENTIFIER = "Lorenzo-Andraghetti.Sarcophagus";
				PRODUCT_NAME = "$(TARGET_NAME)";
			};
			name = Debug;
		};
		99AF09BB1C7C7A330002444B /* Release */ = {
			isa = XCBuildConfiguration;
			buildSettings = {
				ASSETCATALOG_COMPILER_APPICON_NAME = AppIcon;
				INFOPLIST_FILE = Sarcophagus/Info.plist;
				LD_RUNPATH_SEARCH_PATHS = "$(inherited) @executable_path/Frameworks";
				PRODUCT_BUNDLE_IDENTIFIER = "Lorenzo-Andraghetti.Sarcophagus";
				PRODUCT_NAME = "$(TARGET_NAME)";
			};
			name = Release;
		};
		99AF09BD1C7C7A330002444B /* Debug */ = {
			isa = XCBuildConfiguration;
			buildSettings = {
				BUNDLE_LOADER = "$(TEST_HOST)";
				DEBUG_INFORMATION_FORMAT = dwarf;
				INFOPLIST_FILE = SarcophagusTests/Info.plist;
				LD_RUNPATH_SEARCH_PATHS = "$(inherited) @executable_path/Frameworks @loader_path/Frameworks";
				PRODUCT_BUNDLE_IDENTIFIER = "Lorenzo-Andraghetti.SarcophagusTests";
				PRODUCT_NAME = "$(TARGET_NAME)";
				TEST_HOST = "$(BUILT_PRODUCTS_DIR)/Sarcophagus.app/Sarcophagus";
			};
			name = Debug;
		};
		99AF09BE1C7C7A330002444B /* Release */ = {
			isa = XCBuildConfiguration;
			buildSettings = {
				BUNDLE_LOADER = "$(TEST_HOST)";
				INFOPLIST_FILE = SarcophagusTests/Info.plist;
				LD_RUNPATH_SEARCH_PATHS = "$(inherited) @executable_path/Frameworks @loader_path/Frameworks";
				PRODUCT_BUNDLE_IDENTIFIER = "Lorenzo-Andraghetti.SarcophagusTests";
				PRODUCT_NAME = "$(TARGET_NAME)";
				TEST_HOST = "$(BUILT_PRODUCTS_DIR)/Sarcophagus.app/Sarcophagus";
			};
			name = Release;
		};
/* End XCBuildConfiguration section */

/* Begin XCConfigurationList section */
		99AF09951C7C7A320002444B /* Build configuration list for PBXProject "Sarcophagus" */ = {
			isa = XCConfigurationList;
			buildConfigurations = (
				99AF09B71C7C7A330002444B /* Debug */,
				99AF09B81C7C7A330002444B /* Release */,
			);
			defaultConfigurationIsVisible = 0;
			defaultConfigurationName = Release;
		};
		99AF09B91C7C7A330002444B /* Build configuration list for PBXNativeTarget "Sarcophagus" */ = {
			isa = XCConfigurationList;
			buildConfigurations = (
				99AF09BA1C7C7A330002444B /* Debug */,
				99AF09BB1C7C7A330002444B /* Release */,
			);
			defaultConfigurationIsVisible = 0;
			defaultConfigurationName = Release;
		};
		99AF09BC1C7C7A330002444B /* Build configuration list for PBXNativeTarget "SarcophagusTests" */ = {
			isa = XCConfigurationList;
			buildConfigurations = (
				99AF09BD1C7C7A330002444B /* Debug */,
				99AF09BE1C7C7A330002444B /* Release */,
			);
			defaultConfigurationIsVisible = 0;
			defaultConfigurationName = Release;
		};
/* End XCConfigurationList section */
	};
	rootObject = 99AF09921C7C7A320002444B /* Project object */;
}
