// !$*UTF8*$!
{
	archiveVersion = 1;
	classes = {
	};
	objectVersion = 46;
	objects = {

/* Begin PBXBuildFile section */
		992C0FAE1C7DBEEF00B3E479 /* AppDelegate.swift in Sources */ = {isa = PBXBuildFile; fileRef = 992C0FAD1C7DBEEF00B3E479 /* AppDelegate.swift */; };
		992C0FB01C7DBEEF00B3E479 /* art.scnassets in Resources */ = {isa = PBXBuildFile; fileRef = 992C0FAF1C7DBEEF00B3E479 /* art.scnassets */; };
		992C0FB21C7DBEEF00B3E479 /* GameViewController.swift in Sources */ = {isa = PBXBuildFile; fileRef = 992C0FB11C7DBEEF00B3E479 /* GameViewController.swift */; };
		992C0FB51C7DBEEF00B3E479 /* Main.storyboard in Resources */ = {isa = PBXBuildFile; fileRef = 992C0FB31C7DBEEF00B3E479 /* Main.storyboard */; };
		992C0FC51C7DBEEF00B3E479 /* SarcophagusTests.swift in Sources */ = {isa = PBXBuildFile; fileRef = 992C0FC41C7DBEEF00B3E479 /* SarcophagusTests.swift */; };
		994E826A1C947EE800BF8DB4 /* Assets.xcassets in Resources */ = {isa = PBXBuildFile; fileRef = 994E82691C947EE800BF8DB4 /* Assets.xcassets */; };
		994E826C1C955A9700BF8DB4 /* SpriteKit.framework in Frameworks */ = {isa = PBXBuildFile; fileRef = 994E826B1C955A9700BF8DB4 /* SpriteKit.framework */; };
		994E826E1C955A9F00BF8DB4 /* SceneKit.framework in Frameworks */ = {isa = PBXBuildFile; fileRef = 994E826D1C955A9F00BF8DB4 /* SceneKit.framework */; };
/* End PBXBuildFile section */

/* Begin PBXBuildRule section */
		994E826F1C955AB800BF8DB4 /* PBXBuildRule */ = {
			isa = PBXBuildRule;
			compilerSpec = com.apple.compilers.proxy.script;
			fileType = folder.skatlas;
			isEditable = 1;
			outputFiles = (
			);
			script = "# TextureAtlas\n";
		};
/* End PBXBuildRule section */

/* Begin PBXContainerItemProxy section */
		992C0FC11C7DBEEF00B3E479 /* PBXContainerItemProxy */ = {
			isa = PBXContainerItemProxy;
			containerPortal = 992C0FA21C7DBEEF00B3E479 /* Project object */;
			proxyType = 1;
			remoteGlobalIDString = 992C0FA91C7DBEEF00B3E479;
			remoteInfo = Sarcophagus;
		};
/* End PBXContainerItemProxy section */

/* Begin PBXFileReference section */
		992C0FAA1C7DBEEF00B3E479 /* Sarcophagus.app */ = {isa = PBXFileReference; explicitFileType = wrapper.application; includeInIndex = 0; path = Sarcophagus.app; sourceTree = BUILT_PRODUCTS_DIR; };
		992C0FAD1C7DBEEF00B3E479 /* AppDelegate.swift */ = {isa = PBXFileReference; lastKnownFileType = sourcecode.swift; path = AppDelegate.swift; sourceTree = "<group>"; };
		992C0FAF1C7DBEEF00B3E479 /* art.scnassets */ = {isa = PBXFileReference; lastKnownFileType = wrapper.scnassets; path = art.scnassets; sourceTree = "<group>"; };
		992C0FB11C7DBEEF00B3E479 /* GameViewController.swift */ = {isa = PBXFileReference; lastKnownFileType = sourcecode.swift; path = GameViewController.swift; sourceTree = "<group>"; };
		992C0FB41C7DBEEF00B3E479 /* Base */ = {isa = PBXFileReference; lastKnownFileType = file.storyboard; name = Base; path = Base.lproj/Main.storyboard; sourceTree = "<group>"; };
		992C0FBB1C7DBEEF00B3E479 /* Info.plist */ = {isa = PBXFileReference; lastKnownFileType = text.plist.xml; path = Info.plist; sourceTree = "<group>"; };
		992C0FC01C7DBEEF00B3E479 /* SarcophagusTests.xctest */ = {isa = PBXFileReference; explicitFileType = wrapper.cfbundle; includeInIndex = 0; path = SarcophagusTests.xctest; sourceTree = BUILT_PRODUCTS_DIR; };
		992C0FC41C7DBEEF00B3E479 /* SarcophagusTests.swift */ = {isa = PBXFileReference; lastKnownFileType = sourcecode.swift; path = SarcophagusTests.swift; sourceTree = "<group>"; };
		992C0FC61C7DBEEF00B3E479 /* Info.plist */ = {isa = PBXFileReference; lastKnownFileType = text.plist.xml; path = Info.plist; sourceTree = "<group>"; };
		994E82691C947EE800BF8DB4 /* Assets.xcassets */ = {isa = PBXFileReference; lastKnownFileType = folder.assetcatalog; path = Assets.xcassets; sourceTree = "<group>"; };
		994E826B1C955A9700BF8DB4 /* SpriteKit.framework */ = {isa = PBXFileReference; lastKnownFileType = wrapper.framework; name = SpriteKit.framework; path = System/Library/Frameworks/SpriteKit.framework; sourceTree = SDKROOT; };
		994E826D1C955A9F00BF8DB4 /* SceneKit.framework */ = {isa = PBXFileReference; lastKnownFileType = wrapper.framework; name = SceneKit.framework; path = System/Library/Frameworks/SceneKit.framework; sourceTree = SDKROOT; };
/* End PBXFileReference section */

/* Begin PBXFrameworksBuildPhase section */
		992C0FA71C7DBEEF00B3E479 /* Frameworks */ = {
			isa = PBXFrameworksBuildPhase;
			buildActionMask = 2147483647;
			files = (
				994E826E1C955A9F00BF8DB4 /* SceneKit.framework in Frameworks */,
				994E826C1C955A9700BF8DB4 /* SpriteKit.framework in Frameworks */,
			);
			runOnlyForDeploymentPostprocessing = 0;
		};
		992C0FBD1C7DBEEF00B3E479 /* Frameworks */ = {
			isa = PBXFrameworksBuildPhase;
			buildActionMask = 2147483647;
			files = (
			);
			runOnlyForDeploymentPostprocessing = 0;
		};
/* End PBXFrameworksBuildPhase section */

/* Begin PBXGroup section */
		992C0FA11C7DBEEF00B3E479 = {
			isa = PBXGroup;
			children = (
				994E826D1C955A9F00BF8DB4 /* SceneKit.framework */,
				994E826B1C955A9700BF8DB4 /* SpriteKit.framework */,
				992C0FAC1C7DBEEF00B3E479 /* Sarcophagus */,
				992C0FC31C7DBEEF00B3E479 /* SarcophagusTests */,
				992C0FAB1C7DBEEF00B3E479 /* Products */,
			);
			sourceTree = "<group>";
		};
		992C0FAB1C7DBEEF00B3E479 /* Products */ = {
			isa = PBXGroup;
			children = (
				992C0FAA1C7DBEEF00B3E479 /* Sarcophagus.app */,
				992C0FC01C7DBEEF00B3E479 /* SarcophagusTests.xctest */,
			);
			name = Products;
			sourceTree = "<group>";
		};
		992C0FAC1C7DBEEF00B3E479 /* Sarcophagus */ = {
			isa = PBXGroup;
			children = (
				992C0FAD1C7DBEEF00B3E479 /* AppDelegate.swift */,
				992C0FAF1C7DBEEF00B3E479 /* art.scnassets */,
				992C0FB11C7DBEEF00B3E479 /* GameViewController.swift */,
				994E82691C947EE800BF8DB4 /* Assets.xcassets */,
				992C0FB31C7DBEEF00B3E479 /* Main.storyboard */,
				992C0FBB1C7DBEEF00B3E479 /* Info.plist */,
			);
			path = Sarcophagus;
			sourceTree = "<group>";
		};
		992C0FC31C7DBEEF00B3E479 /* SarcophagusTests */ = {
			isa = PBXGroup;
			children = (
				992C0FC41C7DBEEF00B3E479 /* SarcophagusTests.swift */,
				992C0FC61C7DBEEF00B3E479 /* Info.plist */,
			);
			path = SarcophagusTests;
			sourceTree = "<group>";
		};
/* End PBXGroup section */

/* Begin PBXNativeTarget section */
		992C0FA91C7DBEEF00B3E479 /* Sarcophagus */ = {
			isa = PBXNativeTarget;
			buildConfigurationList = 992C0FC91C7DBEEF00B3E479 /* Build configuration list for PBXNativeTarget "Sarcophagus" */;
			buildPhases = (
				992C0FA61C7DBEEF00B3E479 /* Sources */,
				992C0FA71C7DBEEF00B3E479 /* Frameworks */,
				992C0FA81C7DBEEF00B3E479 /* Resources */,
			);
			buildRules = (
				994E826F1C955AB800BF8DB4 /* PBXBuildRule */,
			);
			dependencies = (
			);
			name = Sarcophagus;
			productName = Sarcophagus;
			productReference = 992C0FAA1C7DBEEF00B3E479 /* Sarcophagus.app */;
			productType = "com.apple.product-type.application";
		};
		992C0FBF1C7DBEEF00B3E479 /* SarcophagusTests */ = {
			isa = PBXNativeTarget;
			buildConfigurationList = 992C0FCC1C7DBEEF00B3E479 /* Build configuration list for PBXNativeTarget "SarcophagusTests" */;
			buildPhases = (
				992C0FBC1C7DBEEF00B3E479 /* Sources */,
				992C0FBD1C7DBEEF00B3E479 /* Frameworks */,
				992C0FBE1C7DBEEF00B3E479 /* Resources */,
			);
			buildRules = (
			);
			dependencies = (
				992C0FC21C7DBEEF00B3E479 /* PBXTargetDependency */,
			);
			name = SarcophagusTests;
			productName = SarcophagusTests;
			productReference = 992C0FC01C7DBEEF00B3E479 /* SarcophagusTests.xctest */;
			productType = "com.apple.product-type.bundle.unit-test";
		};
/* End PBXNativeTarget section */

/* Begin PBXProject section */
		992C0FA21C7DBEEF00B3E479 /* Project object */ = {
			isa = PBXProject;
			attributes = {
				LastSwiftUpdateCheck = 0720;
				LastUpgradeCheck = 0720;
				ORGANIZATIONNAME = "Lorenzo Andraghetti";
				TargetAttributes = {
					992C0FA91C7DBEEF00B3E479 = {
						CreatedOnToolsVersion = 7.2.1;
						DevelopmentTeam = 8TFU94AQ5S;
					};
					992C0FBF1C7DBEEF00B3E479 = {
						CreatedOnToolsVersion = 7.2.1;
						DevelopmentTeam = 8TFU94AQ5S;
						TestTargetID = 992C0FA91C7DBEEF00B3E479;
					};
				};
			};
			buildConfigurationList = 992C0FA51C7DBEEF00B3E479 /* Build configuration list for PBXProject "Sarcophagus" */;
			compatibilityVersion = "Xcode 3.2";
			developmentRegion = English;
			hasScannedForEncodings = 0;
			knownRegions = (
				en,
				Base,
			);
			mainGroup = 992C0FA11C7DBEEF00B3E479;
			productRefGroup = 992C0FAB1C7DBEEF00B3E479 /* Products */;
			projectDirPath = "";
			projectRoot = "";
			targets = (
				992C0FA91C7DBEEF00B3E479 /* Sarcophagus */,
				992C0FBF1C7DBEEF00B3E479 /* SarcophagusTests */,
			);
		};
/* End PBXProject section */

/* Begin PBXResourcesBuildPhase section */
		992C0FA81C7DBEEF00B3E479 /* Resources */ = {
			isa = PBXResourcesBuildPhase;
			buildActionMask = 2147483647;
			files = (
				992C0FB01C7DBEEF00B3E479 /* art.scnassets in Resources */,
				994E826A1C947EE800BF8DB4 /* Assets.xcassets in Resources */,
				992C0FB51C7DBEEF00B3E479 /* Main.storyboard in Resources */,
			);
			runOnlyForDeploymentPostprocessing = 0;
		};
		992C0FBE1C7DBEEF00B3E479 /* Resources */ = {
			isa = PBXResourcesBuildPhase;
			buildActionMask = 2147483647;
			files = (
			);
			runOnlyForDeploymentPostprocessing = 0;
		};
/* End PBXResourcesBuildPhase section */

/* Begin PBXSourcesBuildPhase section */
		992C0FA61C7DBEEF00B3E479 /* Sources */ = {
			isa = PBXSourcesBuildPhase;
			buildActionMask = 2147483647;
			files = (
				992C0FB21C7DBEEF00B3E479 /* GameViewController.swift in Sources */,
				992C0FAE1C7DBEEF00B3E479 /* AppDelegate.swift in Sources */,
			);
			runOnlyForDeploymentPostprocessing = 0;
		};
		992C0FBC1C7DBEEF00B3E479 /* Sources */ = {
			isa = PBXSourcesBuildPhase;
			buildActionMask = 2147483647;
			files = (
				992C0FC51C7DBEEF00B3E479 /* SarcophagusTests.swift in Sources */,
			);
			runOnlyForDeploymentPostprocessing = 0;
		};
/* End PBXSourcesBuildPhase section */

/* Begin PBXTargetDependency section */
		992C0FC21C7DBEEF00B3E479 /* PBXTargetDependency */ = {
			isa = PBXTargetDependency;
			target = 992C0FA91C7DBEEF00B3E479 /* Sarcophagus */;
			targetProxy = 992C0FC11C7DBEEF00B3E479 /* PBXContainerItemProxy */;
		};
/* End PBXTargetDependency section */

/* Begin PBXVariantGroup section */
		992C0FB31C7DBEEF00B3E479 /* Main.storyboard */ = {
			isa = PBXVariantGroup;
			children = (
				992C0FB41C7DBEEF00B3E479 /* Base */,
			);
			name = Main.storyboard;
			sourceTree = "<group>";
		};
/* End PBXVariantGroup section */

/* Begin XCBuildConfiguration section */
		992C0FC71C7DBEEF00B3E479 /* Debug */ = {
			isa = XCBuildConfiguration;
			buildSettings = {
				ALWAYS_SEARCH_USER_PATHS = NO;
				CLANG_CXX_LANGUAGE_STANDARD = "gnu++0x";
				CLANG_CXX_LIBRARY = "libc++";
				CLANG_ENABLE_MODULES = YES;
				CLANG_ENABLE_OBJC_ARC = YES;
				CLANG_WARN_BOOL_CONVERSION = YES;
				CLANG_WARN_CONSTANT_CONVERSION = YES;
				CLANG_WARN_DIRECT_OBJC_ISA_USAGE = YES_ERROR;
				CLANG_WARN_EMPTY_BODY = YES;
				CLANG_WARN_ENUM_CONVERSION = YES;
				CLANG_WARN_INT_CONVERSION = YES;
				CLANG_WARN_OBJC_ROOT_CLASS = YES_ERROR;
				CLANG_WARN_UNREACHABLE_CODE = YES;
				CLANG_WARN__DUPLICATE_METHOD_MATCH = YES;
				"CODE_SIGN_IDENTITY[sdk=iphoneos*]" = "iPhone Developer";
				COPY_PHASE_STRIP = NO;
				DEBUG_INFORMATION_FORMAT = "dwarf-with-dsym";
				ENABLE_STRICT_OBJC_MSGSEND = YES;
				ENABLE_TESTABILITY = YES;
				GCC_C_LANGUAGE_STANDARD = gnu99;
				GCC_DYNAMIC_NO_PIC = NO;
				GCC_NO_COMMON_BLOCKS = YES;
				GCC_OPTIMIZATION_LEVEL = 0;
				GCC_PREPROCESSOR_DEFINITIONS = (
					"DEBUG=1",
					"$(inherited)",
				);
				GCC_WARN_64_TO_32_BIT_CONVERSION = YES;
				GCC_WARN_ABOUT_RETURN_TYPE = YES_ERROR;
				GCC_WARN_UNDECLARED_SELECTOR = YES;
				GCC_WARN_UNINITIALIZED_AUTOS = YES_AGGRESSIVE;
				GCC_WARN_UNUSED_FUNCTION = YES;
				GCC_WARN_UNUSED_VARIABLE = YES;
				IPHONEOS_DEPLOYMENT_TARGET = 9.2;
				MTL_ENABLE_DEBUG_INFO = YES;
				ONLY_ACTIVE_ARCH = YES;
				SDKROOT = iphoneos;
				SWIFT_OPTIMIZATION_LEVEL = "-Onone";
				TARGETED_DEVICE_FAMILY = "1,2";
			};
			name = Debug;
		};
		992C0FC81C7DBEEF00B3E479 /* Release */ = {
			isa = XCBuildConfiguration;
			buildSettings = {
				ALWAYS_SEARCH_USER_PATHS = NO;
				CLANG_CXX_LANGUAGE_STANDARD = "gnu++0x";
				CLANG_CXX_LIBRARY = "libc++";
				CLANG_ENABLE_MODULES = YES;
				CLANG_ENABLE_OBJC_ARC = YES;
				CLANG_WARN_BOOL_CONVERSION = YES;
				CLANG_WARN_CONSTANT_CONVERSION = YES;
				CLANG_WARN_DIRECT_OBJC_ISA_USAGE = YES_ERROR;
				CLANG_WARN_EMPTY_BODY = YES;
				CLANG_WARN_ENUM_CONVERSION = YES;
				CLANG_WARN_INT_CONVERSION = YES;
				CLANG_WARN_OBJC_ROOT_CLASS = YES_ERROR;
				CLANG_WARN_UNREACHABLE_CODE = YES;
				CLANG_WARN__DUPLICATE_METHOD_MATCH = YES;
				"CODE_SIGN_IDENTITY[sdk=iphoneos*]" = "iPhone Developer";
				COPY_PHASE_STRIP = NO;
				DEBUG_INFORMATION_FORMAT = "dwarf-with-dsym";
				ENABLE_NS_ASSERTIONS = NO;
				ENABLE_STRICT_OBJC_MSGSEND = YES;
				GCC_C_LANGUAGE_STANDARD = gnu99;
				GCC_NO_COMMON_BLOCKS = YES;
				GCC_WARN_64_TO_32_BIT_CONVERSION = YES;
				GCC_WARN_ABOUT_RETURN_TYPE = YES_ERROR;
				GCC_WARN_UNDECLARED_SELECTOR = YES;
				GCC_WARN_UNINITIALIZED_AUTOS = YES_AGGRESSIVE;
				GCC_WARN_UNUSED_FUNCTION = YES;
				GCC_WARN_UNUSED_VARIABLE = YES;
				IPHONEOS_DEPLOYMENT_TARGET = 9.2;
				MTL_ENABLE_DEBUG_INFO = NO;
				SDKROOT = iphoneos;
				TARGETED_DEVICE_FAMILY = "1,2";
				VALIDATE_PRODUCT = YES;
			};
			name = Release;
		};
		992C0FCA1C7DBEEF00B3E479 /* Debug */ = {
			isa = XCBuildConfiguration;
			buildSettings = {
				INFOPLIST_FILE = Sarcophagus/Info.plist;
				LD_RUNPATH_SEARCH_PATHS = "$(inherited) @executable_path/Frameworks";
				PRODUCT_BUNDLE_IDENTIFIER = "Lorenzo-Andraghetti.Sarcophagus";
				PRODUCT_NAME = "$(TARGET_NAME)";
				TARGETED_DEVICE_FAMILY = 2;
			};
			name = Debug;
		};
		992C0FCB1C7DBEEF00B3E479 /* Release */ = {
			isa = XCBuildConfiguration;
			buildSettings = {
				INFOPLIST_FILE = Sarcophagus/Info.plist;
				LD_RUNPATH_SEARCH_PATHS = "$(inherited) @executable_path/Frameworks";
				PRODUCT_BUNDLE_IDENTIFIER = "Lorenzo-Andraghetti.Sarcophagus";
				PRODUCT_NAME = "$(TARGET_NAME)";
				TARGETED_DEVICE_FAMILY = 2;
			};
			name = Release;
		};
		992C0FCD1C7DBEEF00B3E479 /* Debug */ = {
			isa = XCBuildConfiguration;
			buildSettings = {
				BUNDLE_LOADER = "$(TEST_HOST)";
				DEBUG_INFORMATION_FORMAT = dwarf;
				INFOPLIST_FILE = SarcophagusTests/Info.plist;
				LD_RUNPATH_SEARCH_PATHS = "$(inherited) @executable_path/Frameworks @loader_path/Frameworks";
				PRODUCT_BUNDLE_IDENTIFIER = "Lorenzo-Andraghetti.SarcophagusTests";
				PRODUCT_NAME = "$(TARGET_NAME)";
				TEST_HOST = "$(BUILT_PRODUCTS_DIR)/Sarcophagus.app/Sarcophagus";
			};
			name = Debug;
		};
		992C0FCE1C7DBEEF00B3E479 /* Release */ = {
			isa = XCBuildConfiguration;
			buildSettings = {
				BUNDLE_LOADER = "$(TEST_HOST)";
				INFOPLIST_FILE = SarcophagusTests/Info.plist;
				LD_RUNPATH_SEARCH_PATHS = "$(inherited) @executable_path/Frameworks @loader_path/Frameworks";
				PRODUCT_BUNDLE_IDENTIFIER = "Lorenzo-Andraghetti.SarcophagusTests";
				PRODUCT_NAME = "$(TARGET_NAME)";
				TEST_HOST = "$(BUILT_PRODUCTS_DIR)/Sarcophagus.app/Sarcophagus";
			};
			name = Release;
		};
/* End XCBuildConfiguration section */

/* Begin XCConfigurationList section */
		992C0FA51C7DBEEF00B3E479 /* Build configuration list for PBXProject "Sarcophagus" */ = {
			isa = XCConfigurationList;
			buildConfigurations = (
				992C0FC71C7DBEEF00B3E479 /* Debug */,
				992C0FC81C7DBEEF00B3E479 /* Release */,
			);
			defaultConfigurationIsVisible = 0;
			defaultConfigurationName = Release;
		};
		992C0FC91C7DBEEF00B3E479 /* Build configuration list for PBXNativeTarget "Sarcophagus" */ = {
			isa = XCConfigurationList;
			buildConfigurations = (
				992C0FCA1C7DBEEF00B3E479 /* Debug */,
				992C0FCB1C7DBEEF00B3E479 /* Release */,
			);
			defaultConfigurationIsVisible = 0;
			defaultConfigurationName = Release;
		};
		992C0FCC1C7DBEEF00B3E479 /* Build configuration list for PBXNativeTarget "SarcophagusTests" */ = {
			isa = XCConfigurationList;
			buildConfigurations = (
				992C0FCD1C7DBEEF00B3E479 /* Debug */,
				992C0FCE1C7DBEEF00B3E479 /* Release */,
			);
			defaultConfigurationIsVisible = 0;
			defaultConfigurationName = Release;
		};
/* End XCConfigurationList section */
	};
	rootObject = 992C0FA21C7DBEEF00B3E479 /* Project object */;
}
